
Microsoft Visual Studio Solution File, Format Version 12.00
# Visual Studio for Mac
Project("{FAE04EC0-301F-11D3-BF4B-00C04F79EFBC}") = "Assembly-CSharp", "Assembly-CSharp.csproj", "{27F18AF1-3AB1-EDC2-31F9-CFCD844152CA}"
EndProject
Project("{FAE04EC0-301F-11D3-BF4B-00C04F79EFBC}") = "Zenject", "Zenject.csproj", "{E3637D2B-9AA2-AB1B-D870-98721D506029}"
EndProject
Project("{FAE04EC0-301F-11D3-BF4B-00C04F79EFBC}") = "UniRx", "UniRx.csproj", "{2EA5653B-A29B-C721-3D0F-84AE6DBC6C97}"
EndProject
Project("{FAE04EC0-301F-11D3-BF4B-00C04F79EFBC}") = "UniRx.Async", "UniRx.Async.csproj", "{F25A7424-0B3A-F9C9-D3E8-E9CF9F42917F}"
EndProject
Project("{FAE04EC0-301F-11D3-BF4B-00C04F79EFBC}") = "UniRx.Examples", "UniRx.Examples.csproj", "{58DFA7F6-0F32-33AF-66B1-DB730D7D18BC}"
EndProject
Project("{FAE04EC0-301F-11D3-BF4B-00C04F79EFBC}") = "Zenject-PoolMonitor-Editor", "Zenject-PoolMonitor-Editor.csproj", "{A252098C-F941-A14B-1B7E-2980DCCA2539}"
EndProject
Project("{FAE04EC0-301F-11D3-BF4B-00C04F79EFBC}") = "Zenject-ReflectionBaking-Editor", "Zenject-ReflectionBaking-Editor.csproj", "{16EBADFF-E21C-F057-361A-A21226690B87}"
EndProject
Project("{FAE04EC0-301F-11D3-BF4B-00C04F79EFBC}") = "Zenject-Editor", "Zenject-Editor.csproj", "{4E8BFF63-6752-CFB1-38CB-FEAA335009C7}"
EndProject
Project("{FAE04EC0-301F-11D3-BF4B-00C04F79EFBC}") = "Zenject-TestFramework", "Zenject-TestFramework.csproj", "{DBD15F42-3E86-E6E5-1DEE-DC9BA47BCFDC}"
EndProject
Project("{FAE04EC0-301F-11D3-BF4B-00C04F79EFBC}") = "UniRx.Async.Editor", "UniRx.Async.Editor.csproj", "{95DCFA37-5927-CAE2-442A-0AD788B40F11}"
EndProject
Global
	GlobalSection(SolutionConfigurationPlatforms) = preSolution
		Debug|Any CPU = Debug|Any CPU
		Release|Any CPU = Release|Any CPU
	EndGlobalSection
	GlobalSection(ProjectConfigurationPlatforms) = postSolution
		{27F18AF1-3AB1-EDC2-31F9-CFCD844152CA}.Debug|Any CPU.ActiveCfg = Debug|Any CPU
		{27F18AF1-3AB1-EDC2-31F9-CFCD844152CA}.Debug|Any CPU.Build.0 = Debug|Any CPU
		{27F18AF1-3AB1-EDC2-31F9-CFCD844152CA}.Release|Any CPU.ActiveCfg = Release|Any CPU
		{27F18AF1-3AB1-EDC2-31F9-CFCD844152CA}.Release|Any CPU.Build.0 = Release|Any CPU
		{E3637D2B-9AA2-AB1B-D870-98721D506029}.Debug|Any CPU.ActiveCfg = Debug|Any CPU
		{E3637D2B-9AA2-AB1B-D870-98721D506029}.Debug|Any CPU.Build.0 = Debug|Any CPU
		{E3637D2B-9AA2-AB1B-D870-98721D506029}.Release|Any CPU.ActiveCfg = Release|Any CPU
		{E3637D2B-9AA2-AB1B-D870-98721D506029}.Release|Any CPU.Build.0 = Release|Any CPU
		{2EA5653B-A29B-C721-3D0F-84AE6DBC6C97}.Debug|Any CPU.ActiveCfg = Debug|Any CPU
		{2EA5653B-A29B-C721-3D0F-84AE6DBC6C97}.Debug|Any CPU.Build.0 = Debug|Any CPU
		{2EA5653B-A29B-C721-3D0F-84AE6DBC6C97}.Release|Any CPU.ActiveCfg = Release|Any CPU
		{2EA5653B-A29B-C721-3D0F-84AE6DBC6C97}.Release|Any CPU.Build.0 = Release|Any CPU
		{F25A7424-0B3A-F9C9-D3E8-E9CF9F42917F}.Debug|Any CPU.ActiveCfg = Debug|Any CPU
		{F25A7424-0B3A-F9C9-D3E8-E9CF9F42917F}.Debug|Any CPU.Build.0 = Debug|Any CPU
		{F25A7424-0B3A-F9C9-D3E8-E9CF9F42917F}.Release|Any CPU.ActiveCfg = Release|Any CPU
		{F25A7424-0B3A-F9C9-D3E8-E9CF9F42917F}.Release|Any CPU.Build.0 = Release|Any CPU
		{58DFA7F6-0F32-33AF-66B1-DB730D7D18BC}.Debug|Any CPU.ActiveCfg = Debug|Any CPU
		{58DFA7F6-0F32-33AF-66B1-DB730D7D18BC}.Debug|Any CPU.Build.0 = Debug|Any CPU
		{58DFA7F6-0F32-33AF-66B1-DB730D7D18BC}.Release|Any CPU.ActiveCfg = Release|Any CPU
		{58DFA7F6-0F32-33AF-66B1-DB730D7D18BC}.Release|Any CPU.Build.0 = Release|Any CPU
		{A252098C-F941-A14B-1B7E-2980DCCA2539}.Debug|Any CPU.ActiveCfg = Debug|Any CPU
		{A252098C-F941-A14B-1B7E-2980DCCA2539}.Debug|Any CPU.Build.0 = Debug|Any CPU
		{A252098C-F941-A14B-1B7E-2980DCCA2539}.Release|Any CPU.ActiveCfg = Release|Any CPU
		{A252098C-F941-A14B-1B7E-2980DCCA2539}.Release|Any CPU.Build.0 = Release|Any CPU
		{16EBADFF-E21C-F057-361A-A21226690B87}.Debug|Any CPU.ActiveCfg = Debug|Any CPU
		{16EBADFF-E21C-F057-361A-A21226690B87}.Debug|Any CPU.Build.0 = Debug|Any CPU
		{16EBADFF-E21C-F057-361A-A21226690B87}.Release|Any CPU.ActiveCfg = Release|Any CPU
		{16EBADFF-E21C-F057-361A-A21226690B87}.Release|Any CPU.Build.0 = Release|Any CPU
		{4E8BFF63-6752-CFB1-38CB-FEAA335009C7}.Debug|Any CPU.ActiveCfg = Debug|Any CPU
		{4E8BFF63-6752-CFB1-38CB-FEAA335009C7}.Debug|Any CPU.Build.0 = Debug|Any CPU
		{4E8BFF63-6752-CFB1-38CB-FEAA335009C7}.Release|Any CPU.ActiveCfg = Release|Any CPU
		{4E8BFF63-6752-CFB1-38CB-FEAA335009C7}.Release|Any CPU.Build.0 = Release|Any CPU
		{DBD15F42-3E86-E6E5-1DEE-DC9BA47BCFDC}.Debug|Any CPU.ActiveCfg = Debug|Any CPU
		{DBD15F42-3E86-E6E5-1DEE-DC9BA47BCFDC}.Debug|Any CPU.Build.0 = Debug|Any CPU
		{DBD15F42-3E86-E6E5-1DEE-DC9BA47BCFDC}.Release|Any CPU.ActiveCfg = Release|Any CPU
		{DBD15F42-3E86-E6E5-1DEE-DC9BA47BCFDC}.Release|Any CPU.Build.0 = Release|Any CPU
		{95DCFA37-5927-CAE2-442A-0AD788B40F11}.Debug|Any CPU.ActiveCfg = Debug|Any CPU
		{95DCFA37-5927-CAE2-442A-0AD788B40F11}.Debug|Any CPU.Build.0 = Debug|Any CPU
		{95DCFA37-5927-CAE2-442A-0AD788B40F11}.Release|Any CPU.ActiveCfg = Release|Any CPU
		{95DCFA37-5927-CAE2-442A-0AD788B40F11}.Release|Any CPU.Build.0 = Release|Any CPU
	EndGlobalSection
	GlobalSection(SolutionProperties) = preSolution
		HideSolutionNode = FALSE
	EndGlobalSection
EndGlobal
